
Microsoft Visual Studio Solution File, Format Version 12.00
# Visual Studio Version 17
VisualStudioVersion = 17.9.34714.143
MinimumVisualStudioVersion = 10.0.40219.1
Project("{9A19103F-16F7-4668-BE54-9A1E7A4F7556}") = "CSharpFundamentals", "CSharpFundamentals\CSharpFundamentals.csproj", "{342E3078-6576-4FFA-874D-8EFDD47D0D76}"
EndProject
Project("{9A19103F-16F7-4668-BE54-9A1E7A4F7556}") = "Methods", "Methods\Methods.csproj", "{BE8C7C3B-91EF-4604-9448-16EF87A4FA98}"
EndProject
Project("{9A19103F-16F7-4668-BE54-9A1E7A4F7556}") = "Lists", "Lists\Lists.csproj", "{64AC195F-18CD-401E-A08D-9505AD086B3B}"
EndProject
Project("{FAE04EC0-301F-11D3-BF4B-00C04F79EFBC}") = "Input", "Input\Input.csproj", "{FD90B7AF-A0C4-44C7-B3BF-1C2AE994DA9F}"
EndProject
Project("{FAE04EC0-301F-11D3-BF4B-00C04F79EFBC}") = "hypotenuseCalc", "hypotenuseCalc\hypotenuseCalc.csproj", "{1C7DDD36-CAF3-4CED-8641-42B58808BC10}"
EndProject
Global
	GlobalSection(SolutionConfigurationPlatforms) = preSolution
		Debug|Any CPU = Debug|Any CPU
		Release|Any CPU = Release|Any CPU
	EndGlobalSection
	GlobalSection(ProjectConfigurationPlatforms) = postSolution
		{342E3078-6576-4FFA-874D-8EFDD47D0D76}.Debug|Any CPU.ActiveCfg = Debug|Any CPU
		{342E3078-6576-4FFA-874D-8EFDD47D0D76}.Debug|Any CPU.Build.0 = Debug|Any CPU
		{342E3078-6576-4FFA-874D-8EFDD47D0D76}.Release|Any CPU.ActiveCfg = Release|Any CPU
		{342E3078-6576-4FFA-874D-8EFDD47D0D76}.Release|Any CPU.Build.0 = Release|Any CPU
		{BE8C7C3B-91EF-4604-9448-16EF87A4FA98}.Debug|Any CPU.ActiveCfg = Debug|Any CPU
		{BE8C7C3B-91EF-4604-9448-16EF87A4FA98}.Debug|Any CPU.Build.0 = Debug|Any CPU
		{BE8C7C3B-91EF-4604-9448-16EF87A4FA98}.Release|Any CPU.ActiveCfg = Release|Any CPU
		{BE8C7C3B-91EF-4604-9448-16EF87A4FA98}.Release|Any CPU.Build.0 = Release|Any CPU
		{64AC195F-18CD-401E-A08D-9505AD086B3B}.Debug|Any CPU.ActiveCfg = Debug|Any CPU
		{64AC195F-18CD-401E-A08D-9505AD086B3B}.Debug|Any CPU.Build.0 = Debug|Any CPU
		{64AC195F-18CD-401E-A08D-9505AD086B3B}.Release|Any CPU.ActiveCfg = Release|Any CPU
		{64AC195F-18CD-401E-A08D-9505AD086B3B}.Release|Any CPU.Build.0 = Release|Any CPU
		{FD90B7AF-A0C4-44C7-B3BF-1C2AE994DA9F}.Debug|Any CPU.ActiveCfg = Debug|Any CPU
		{FD90B7AF-A0C4-44C7-B3BF-1C2AE994DA9F}.Debug|Any CPU.Build.0 = Debug|Any CPU
		{FD90B7AF-A0C4-44C7-B3BF-1C2AE994DA9F}.Release|Any CPU.ActiveCfg = Release|Any CPU
		{FD90B7AF-A0C4-44C7-B3BF-1C2AE994DA9F}.Release|Any CPU.Build.0 = Release|Any CPU
		{1C7DDD36-CAF3-4CED-8641-42B58808BC10}.Debug|Any CPU.ActiveCfg = Debug|Any CPU
		{1C7DDD36-CAF3-4CED-8641-42B58808BC10}.Debug|Any CPU.Build.0 = Debug|Any CPU
		{1C7DDD36-CAF3-4CED-8641-42B58808BC10}.Release|Any CPU.ActiveCfg = Release|Any CPU
		{1C7DDD36-CAF3-4CED-8641-42B58808BC10}.Release|Any CPU.Build.0 = Release|Any CPU
	EndGlobalSection
	GlobalSection(SolutionProperties) = preSolution
		HideSolutionNode = FALSE
	EndGlobalSection
	GlobalSection(ExtensibilityGlobals) = postSolution
		SolutionGuid = {F43ED149-119B-43DB-BB1E-B75A558E9C85}
	EndGlobalSection
EndGlobal
