
Microsoft Visual Studio Solution File, Format Version 12.00
# Visual Studio Version 17
VisualStudioVersion = 17.9.34714.143
MinimumVisualStudioVersion = 10.0.40219.1
Project("{9A19103F-16F7-4668-BE54-9A1E7A4F7556}") = "CSharpFundamentals", "CSharpFundamentals\CSharpFundamentals.csproj", "{342E3078-6576-4FFA-874D-8EFDD47D0D76}"
EndProject
Project("{9A19103F-16F7-4668-BE54-9A1E7A4F7556}") = "Methods", "Methods\Methods.csproj", "{BE8C7C3B-91EF-4604-9448-16EF87A4FA98}"
EndProject
Project("{9A19103F-16F7-4668-BE54-9A1E7A4F7556}") = "Lists", "Lists\Lists.csproj", "{64AC195F-18CD-401E-A08D-9505AD086B3B}"
EndProject
Project("{9A19103F-16F7-4668-BE54-9A1E7A4F7556}") = "Input", "Input\Input.csproj", "{FD90B7AF-A0C4-44C7-B3BF-1C2AE994DA9F}"
EndProject
Project("{9A19103F-16F7-4668-BE54-9A1E7A4F7556}") = "hypotenuseCalc", "hypotenuseCalc\hypotenuseCalc.csproj", "{1C7DDD36-CAF3-4CED-8641-42B58808BC10}"
EndProject
Project("{9A19103F-16F7-4668-BE54-9A1E7A4F7556}") = "String", "String\String.csproj", "{12146665-F275-49F4-962E-D5C2B97130D5}"
EndProject
Project("{9A19103F-16F7-4668-BE54-9A1E7A4F7556}") = "If", "If\If.csproj", "{6351B13F-A8E9-4150-8442-EA2141956E99}"
EndProject
Project("{9A19103F-16F7-4668-BE54-9A1E7A4F7556}") = "switch", "switch\switch.csproj", "{A90C2A54-13D7-41A7-9682-6867983DC0E4}"
EndProject
Project("{9A19103F-16F7-4668-BE54-9A1E7A4F7556}") = "logicalOperators", "logicalOperators\logicalOperators.csproj", "{8F0708B9-51AA-456C-822F-C2847ED90396}"
EndProject
Project("{9A19103F-16F7-4668-BE54-9A1E7A4F7556}") = "nestedloops", "nestedloops\nestedloops.csproj", "{1CF976DE-D1B9-4E2A-A6D3-D35D354B0CE9}"
EndProject
Project("{9A19103F-16F7-4668-BE54-9A1E7A4F7556}") = "NumberGuessing", "NumberGuessing\NumberGuessing.csproj", "{A172CA31-E08C-49D5-8D58-43E250F6498A}"
EndProject
Project("{9A19103F-16F7-4668-BE54-9A1E7A4F7556}") = "Calculator", "Calculator\Calculator.csproj", "{3ACC279E-F635-4E5A-B8CA-A5B623A39161}"
EndProject
Project("{9A19103F-16F7-4668-BE54-9A1E7A4F7556}") = "Arrays", "Arrays\Arrays.csproj", "{AB818C24-48E4-46ED-9A27-EA18A015BEC7}"
EndProject
Project("{9A19103F-16F7-4668-BE54-9A1E7A4F7556}") = "Method", "Method\Method.csproj", "{CC2AE5EA-BC8F-4D0B-B237-D93C11EE7FDC}"
EndProject
Project("{FAE04EC0-301F-11D3-BF4B-00C04F79EFBC}") = "Exception", "Exception\Exception.csproj", "{B218A7DF-166F-4F0C-8A5E-4E2A26CB4E1B}"
EndProject
Project("{FAE04EC0-301F-11D3-BF4B-00C04F79EFBC}") = "Class", "Class\Class.csproj", "{4307CA6C-F9D7-45E5-B08E-2E972F2CE552}"
EndProject
Global
	GlobalSection(SolutionConfigurationPlatforms) = preSolution
		Debug|Any CPU = Debug|Any CPU
		Release|Any CPU = Release|Any CPU
	EndGlobalSection
	GlobalSection(ProjectConfigurationPlatforms) = postSolution
		{342E3078-6576-4FFA-874D-8EFDD47D0D76}.Debug|Any CPU.ActiveCfg = Debug|Any CPU
		{342E3078-6576-4FFA-874D-8EFDD47D0D76}.Debug|Any CPU.Build.0 = Debug|Any CPU
		{342E3078-6576-4FFA-874D-8EFDD47D0D76}.Release|Any CPU.ActiveCfg = Release|Any CPU
		{342E3078-6576-4FFA-874D-8EFDD47D0D76}.Release|Any CPU.Build.0 = Release|Any CPU
		{BE8C7C3B-91EF-4604-9448-16EF87A4FA98}.Debug|Any CPU.ActiveCfg = Debug|Any CPU
		{BE8C7C3B-91EF-4604-9448-16EF87A4FA98}.Debug|Any CPU.Build.0 = Debug|Any CPU
		{BE8C7C3B-91EF-4604-9448-16EF87A4FA98}.Release|Any CPU.ActiveCfg = Release|Any CPU
		{BE8C7C3B-91EF-4604-9448-16EF87A4FA98}.Release|Any CPU.Build.0 = Release|Any CPU
		{64AC195F-18CD-401E-A08D-9505AD086B3B}.Debug|Any CPU.ActiveCfg = Debug|Any CPU
		{64AC195F-18CD-401E-A08D-9505AD086B3B}.Debug|Any CPU.Build.0 = Debug|Any CPU
		{64AC195F-18CD-401E-A08D-9505AD086B3B}.Release|Any CPU.ActiveCfg = Release|Any CPU
		{64AC195F-18CD-401E-A08D-9505AD086B3B}.Release|Any CPU.Build.0 = Release|Any CPU
		{FD90B7AF-A0C4-44C7-B3BF-1C2AE994DA9F}.Debug|Any CPU.ActiveCfg = Debug|Any CPU
		{FD90B7AF-A0C4-44C7-B3BF-1C2AE994DA9F}.Debug|Any CPU.Build.0 = Debug|Any CPU
		{FD90B7AF-A0C4-44C7-B3BF-1C2AE994DA9F}.Release|Any CPU.ActiveCfg = Release|Any CPU
		{FD90B7AF-A0C4-44C7-B3BF-1C2AE994DA9F}.Release|Any CPU.Build.0 = Release|Any CPU
		{1C7DDD36-CAF3-4CED-8641-42B58808BC10}.Debug|Any CPU.ActiveCfg = Debug|Any CPU
		{1C7DDD36-CAF3-4CED-8641-42B58808BC10}.Debug|Any CPU.Build.0 = Debug|Any CPU
		{1C7DDD36-CAF3-4CED-8641-42B58808BC10}.Release|Any CPU.ActiveCfg = Release|Any CPU
		{1C7DDD36-CAF3-4CED-8641-42B58808BC10}.Release|Any CPU.Build.0 = Release|Any CPU
		{12146665-F275-49F4-962E-D5C2B97130D5}.Debug|Any CPU.ActiveCfg = Debug|Any CPU
		{12146665-F275-49F4-962E-D5C2B97130D5}.Debug|Any CPU.Build.0 = Debug|Any CPU
		{12146665-F275-49F4-962E-D5C2B97130D5}.Release|Any CPU.ActiveCfg = Release|Any CPU
		{12146665-F275-49F4-962E-D5C2B97130D5}.Release|Any CPU.Build.0 = Release|Any CPU
		{6351B13F-A8E9-4150-8442-EA2141956E99}.Debug|Any CPU.ActiveCfg = Debug|Any CPU
		{6351B13F-A8E9-4150-8442-EA2141956E99}.Debug|Any CPU.Build.0 = Debug|Any CPU
		{6351B13F-A8E9-4150-8442-EA2141956E99}.Release|Any CPU.ActiveCfg = Release|Any CPU
		{6351B13F-A8E9-4150-8442-EA2141956E99}.Release|Any CPU.Build.0 = Release|Any CPU
		{A90C2A54-13D7-41A7-9682-6867983DC0E4}.Debug|Any CPU.ActiveCfg = Debug|Any CPU
		{A90C2A54-13D7-41A7-9682-6867983DC0E4}.Debug|Any CPU.Build.0 = Debug|Any CPU
		{A90C2A54-13D7-41A7-9682-6867983DC0E4}.Release|Any CPU.ActiveCfg = Release|Any CPU
		{A90C2A54-13D7-41A7-9682-6867983DC0E4}.Release|Any CPU.Build.0 = Release|Any CPU
		{8F0708B9-51AA-456C-822F-C2847ED90396}.Debug|Any CPU.ActiveCfg = Debug|Any CPU
		{8F0708B9-51AA-456C-822F-C2847ED90396}.Debug|Any CPU.Build.0 = Debug|Any CPU
		{8F0708B9-51AA-456C-822F-C2847ED90396}.Release|Any CPU.ActiveCfg = Release|Any CPU
		{8F0708B9-51AA-456C-822F-C2847ED90396}.Release|Any CPU.Build.0 = Release|Any CPU
		{1CF976DE-D1B9-4E2A-A6D3-D35D354B0CE9}.Debug|Any CPU.ActiveCfg = Debug|Any CPU
		{1CF976DE-D1B9-4E2A-A6D3-D35D354B0CE9}.Debug|Any CPU.Build.0 = Debug|Any CPU
		{1CF976DE-D1B9-4E2A-A6D3-D35D354B0CE9}.Release|Any CPU.ActiveCfg = Release|Any CPU
		{1CF976DE-D1B9-4E2A-A6D3-D35D354B0CE9}.Release|Any CPU.Build.0 = Release|Any CPU
		{A172CA31-E08C-49D5-8D58-43E250F6498A}.Debug|Any CPU.ActiveCfg = Debug|Any CPU
		{A172CA31-E08C-49D5-8D58-43E250F6498A}.Debug|Any CPU.Build.0 = Debug|Any CPU
		{A172CA31-E08C-49D5-8D58-43E250F6498A}.Release|Any CPU.ActiveCfg = Release|Any CPU
		{A172CA31-E08C-49D5-8D58-43E250F6498A}.Release|Any CPU.Build.0 = Release|Any CPU
		{3ACC279E-F635-4E5A-B8CA-A5B623A39161}.Debug|Any CPU.ActiveCfg = Debug|Any CPU
		{3ACC279E-F635-4E5A-B8CA-A5B623A39161}.Debug|Any CPU.Build.0 = Debug|Any CPU
		{3ACC279E-F635-4E5A-B8CA-A5B623A39161}.Release|Any CPU.ActiveCfg = Release|Any CPU
		{3ACC279E-F635-4E5A-B8CA-A5B623A39161}.Release|Any CPU.Build.0 = Release|Any CPU
		{AB818C24-48E4-46ED-9A27-EA18A015BEC7}.Debug|Any CPU.ActiveCfg = Debug|Any CPU
		{AB818C24-48E4-46ED-9A27-EA18A015BEC7}.Debug|Any CPU.Build.0 = Debug|Any CPU
		{AB818C24-48E4-46ED-9A27-EA18A015BEC7}.Release|Any CPU.ActiveCfg = Release|Any CPU
		{AB818C24-48E4-46ED-9A27-EA18A015BEC7}.Release|Any CPU.Build.0 = Release|Any CPU
		{CC2AE5EA-BC8F-4D0B-B237-D93C11EE7FDC}.Debug|Any CPU.ActiveCfg = Debug|Any CPU
		{CC2AE5EA-BC8F-4D0B-B237-D93C11EE7FDC}.Debug|Any CPU.Build.0 = Debug|Any CPU
		{CC2AE5EA-BC8F-4D0B-B237-D93C11EE7FDC}.Release|Any CPU.ActiveCfg = Release|Any CPU
		{CC2AE5EA-BC8F-4D0B-B237-D93C11EE7FDC}.Release|Any CPU.Build.0 = Release|Any CPU
		{B218A7DF-166F-4F0C-8A5E-4E2A26CB4E1B}.Debug|Any CPU.ActiveCfg = Debug|Any CPU
		{B218A7DF-166F-4F0C-8A5E-4E2A26CB4E1B}.Debug|Any CPU.Build.0 = Debug|Any CPU
		{B218A7DF-166F-4F0C-8A5E-4E2A26CB4E1B}.Release|Any CPU.ActiveCfg = Release|Any CPU
		{B218A7DF-166F-4F0C-8A5E-4E2A26CB4E1B}.Release|Any CPU.Build.0 = Release|Any CPU
		{4307CA6C-F9D7-45E5-B08E-2E972F2CE552}.Debug|Any CPU.ActiveCfg = Debug|Any CPU
		{4307CA6C-F9D7-45E5-B08E-2E972F2CE552}.Debug|Any CPU.Build.0 = Debug|Any CPU
		{4307CA6C-F9D7-45E5-B08E-2E972F2CE552}.Release|Any CPU.ActiveCfg = Release|Any CPU
		{4307CA6C-F9D7-45E5-B08E-2E972F2CE552}.Release|Any CPU.Build.0 = Release|Any CPU
	EndGlobalSection
	GlobalSection(SolutionProperties) = preSolution
		HideSolutionNode = FALSE
	EndGlobalSection
	GlobalSection(ExtensibilityGlobals) = postSolution
		SolutionGuid = {F43ED149-119B-43DB-BB1E-B75A558E9C85}
	EndGlobalSection
EndGlobal
